git.torproject.org/pluggable-transports/goptlib.git v0.0.0-20180321061416-7d56ec4f381e h1:PYcONLFUhr00kGrq7Mf14JRtoXHG7BOSKIfIha0Hu5Q=
git.torproject.org/pluggable-transports/goptlib.git v0.0.0-20180321061416-7d56ec4f381e/go.mod h1:YT4XMSkuEXbtqlydr9+OxqFAyspUv0Gr9qhM3B++o/Q=
git.torproject.org/pluggable-transports/obfs4.git v0.0.0-20181103133120-08f4d470188e h1:c8h60PKrRxEB5debIHBmP7T+s/EUNXTklXqlmJfYiJQ=
git.torproject.org/pluggable-transports/obfs4.git v0.0.0-20181103133120-08f4d470188e/go.mod h1:jRZbfRcLIgFQoCw6tRmsnETVyIj54jOmXhHCYYa0jbs=
github.com/Yawning/chacha20 v0.0.0-20170904085104-e3b1f968fc63 h1:I6/SJSN9wJMJ+ZyQaCHUlzoTA4ypU5Bb44YWR1wTY/0=
github.com/Yawning/chacha20 v0.0.0-20170904085104-e3b1f968fc63/go.mod h1:nf+Komq6fVP4SwmKEaVGxHTyQGKREVlwjQKpvOV39yE=
github.com/agl/ed25519 v0.0.0-20170116200512-5312a6153412 h1:w1UutsfOrms1J05zt7ISrnJIXKzwaspym5BTKGx93EI=
github.com/agl/ed25519 v0.0.0-20170116200512-5312a6153412/go.mod h1:WPjqKcmVOxf0XSf3YxCJs6N6AOSrOx3obionmG7T0y0=
github.com/bifurcation/mint v0.0.0-20181105071958-a14404e9a861 h1:x17NvoJaphEzay72TFej4OSSsgu3xRYBLkbIwdofS/4=
github.com/bifurcation/mint v0.0.0-20181105071958-a14404e9a861/go.mod h1:zVt7zX3K/aDCk9Tj+VM7YymsX66ERvzCJzw8rFCX2JU=
github.com/cheekybits/genny v1.0.0 h1:uGGa4nei+j20rOSeDeP5Of12XVm7TGUd4dJA9RDitfE=
github.com/cheekybits/genny v1.0.0/go.mod h1:+tQajlRqAUrPI7DOSpB0XAqZYtQakVtB7wXkRAgjxjQ=
github.com/dchest/siphash v1.2.0 h1:YWOShuhvg0GqbQpMa60QlCGtEyf7O7HC1Jf0VjdQ60M=
github.com/dchest/siphash v1.2.0/go.mod h1:q+IRvb2gOSrUnYoPqHiyHXS0FOBBOdl6tONBlVnOnt4=
github.com/dchest/siphash v1.2.1 h1:4cLinnzVJDKxTCl9B01807Yiy+W7ZzVHj/KIroQRvT4=
github.com/dchest/siphash v1.2.1/go.mod h1:q+IRvb2gOSrUnYoPqHiyHXS0FOBBOdl6tONBlVnOnt4=
github.com/fsnotify/fsnotify v1.4.7 h1:IXs+QLmnXW2CcXuY+8Mzv/fWEsPGWxqefPtCP5CnV9I=
github.com/fsnotify/fsnotify v1.4.7/go.mod h1:jwhsz4b93w/PPRr/qN1Yymfu8t87LnFCMoQvtojpjFo=
github.com/ginuerzh/gosocks4 v0.0.1 h1:ojDKUyz+uaEeRm2usY1cyQiXTqJqrKxfeE6SVBXq4m0=
github.com/ginuerzh/gosocks4 v0.0.1/go.mod h1:8SdwBMKjfJ9+BfP2vDJM1jcrgWUbWV6qxBPHHVrwptY=
github.com/ginuerzh/gosocks5 v0.2.0 h1:K0Ua23U9LU3BZrf3XpGDcs0mP8DiEpa6PJE4TA/MU3s=
github.com/ginuerzh/gosocks5 v0.2.0/go.mod h1:qp22mr6tH/prEoaN0pFukq76LlScIE+F2rP2ZP5ZHno=
github.com/ginuerzh/tls-dissector v0.0.1 h1:yF6fIt78TO4CdjiLLn6R8r0XajQJE1Lbnuq6rP8mGW8=
github.com/ginuerzh/tls-dissector v0.0.1/go.mod h1:u/kbBOqIOgJv39gywuUb3VwyzdZG5DKquOqfToKE6lk=
github.com/go-log/log v0.1.0 h1:wudGTNsiGzrD5ZjgIkVZ517ugi2XRe9Q/xRCzwEO4/U=
github.com/go-log/log v0.1.0/go.mod h1:4mBwpdRMFLiuXZDCwU2lKQFsoSCo72j3HqBK9d81N2M=
github.com/gobwas/glob v0.2.3 h1:A4xDbljILXROh+kObIiy5kIaPYD8e96x1tgBhUI5J+Y=
github.com/gobwas/glob v0.2.3/go.mod h1:d3Ez4x06l9bZtSvzIay5+Yzi0fmZzPgnTbPcKjJAkT8=
github.com/golang/mock v1.2.0 h1:28o5sBqPkBsMGnC6b4MvE2TzSr5/AT4c/1fLqVGIwlk=
github.com/golang/mock v1.2.0/go.mod h1:oTYuIxOrZwtPieC+H1uAHpcLFnEyAGVDL/k47Jfbm0A=
github.com/golang/protobuf v1.2.0 h1:P3YflyNX/ehuJFLhxviNdFxQPkGK5cDcApsge1SqnvM=
github.com/golang/protobuf v1.2.0/go.mod h1:6lQm79b+lXiMfvg/cZm0SGofjICqVBUtrP5yJMmIC1U=
github.com/gorilla/websocket v1.4.0 h1:WDFjx/TMzVgy9VdMMQi2K2Emtwi2QcUQsztZ/zLaH/Q=
github.com/gorilla/websocket v1.4.0/go.mod h1:E7qHFY5m1UJ88s3WnNqhKjPHQ0heANvMoAMk2YaljkQ=
github.com/hashicorp/golang-lru v0.5.0 h1:CL2msUPvZTLb5O648aiLNJw3hnBxN2+1Jq8rCOH9wdo=
github.com/hashicorp/golang-lru v0.5.0/go.mod h1:/m3WP610KZHVQ1SGc6re/UDhFvYD7pJ4Ao+sR/qLZy8=
github.com/hpcloud/tail v1.0.0 h1:nfCOvKYfkgYP8hkirhJocXT2+zOD8yUNjXaWfTlyFKI=
github.com/hpcloud/tail v1.0.0/go.mod h1:ab1qPbhIpdTxEkNHXyeSf5vhxWSCs/tWer42PpOxQnU=
github.com/klauspost/compress v1.4.1 h1:8VMb5+0wMgdBykOV96DwNwKFQ+WTI4pzYURP99CcB9E=
github.com/klauspost/compress v1.4.1/go.mod h1:RyIbtBH6LamlWaDj8nUwkbUhJ87Yi3uG0guNDohfE1A=
github.com/klauspost/cpuid v1.2.0 h1:NMpwD2G9JSFOE1/TJjGSo5zG7Yb2bTe7eq1jH+irmeE=
github.com/klauspost/cpuid v1.2.0/go.mod h1:Pj4uuM528wm8OyEC2QMXAi2YiTZ96dNQPGgoMS4s3ek=
github.com/klauspost/reedsolomon v1.7.0 h1:pLFmRKGko2ZieiTGyo9DahLCIuljyxm+Zzhz/fYEonE=
github.com/klauspost/reedsolomon v1.7.0/go.mod h1:CwCi+NUr9pqSVktrkN+Ondf06rkhYZ/pcNv7fu+8Un4=
github.com/lucas-clemente/aes12 v0.0.0-20171027163421-cd47fb39b79f h1:sSeNEkJrs+0F9TUau0CgWTTNEwF23HST3Eq0A+QIx+A=
github.com/lucas-clemente/aes12 v0.0.0-20171027163421-cd47fb39b79f/go.mod h1:JpH9J1c9oX6otFSgdUHwUBUizmKlrMjxWnIAjff4m04=
github.com/lucas-clemente/quic-go v0.10.0 h1:xEF+pSHYAOcu+U10Meunf+DTtc8vhQDRqlA0BJ6hufc=
github.com/lucas-clemente/quic-go v0.10.0/go.mod h1:wuD+2XqEx8G9jtwx5ou2BEYBsE+whgQmlj0Vz/77PrY=
github.com/lucas-clemente/quic-go-certificates v0.0.0-20160823095156-d2f86524cced h1:zqEC1GJZFbGZA0tRyNZqRjep92K5fujFtFsu5ZW7Aug=
github.com/lucas-clemente/quic-go-certificates v0.0.0-20160823095156-d2f86524cced/go.mod h1:NCcRLrOTZbzhZvixZLlERbJtDtYsmMw8Jc4vS8Z0g58=
github.com/miekg/dns v1.1.1 h1:DVkblRdiScEnEr0LR9nTnEQqHYycjkXW9bOjd+2EL2o=
github.com/miekg/dns v1.1.1/go.mod h1:W1PPwlIAgtquWBMBEV9nkV9Cazfe8ScdGz/Lj7v3Nrg=
github.com/onsi/ginkgo v1.6.0/go.mod h1:lLunBs/Ym6LB5Z9jYTR76FiuTmxDTDusOGeTQH+WWjE=
github.com/onsi/ginkgo v1.7.0 h1:WSHQ+IS43OoUrWtD1/bbclrwK8TTH5hzp+umCiuxHgs=
github.com/onsi/ginkgo v1.7.0/go.mod h1:lLunBs/Ym6LB5Z9jYTR76FiuTmxDTDusOGeTQH+WWjE=
github.com/onsi/gomega v1.4.3 h1:RE1xgDvH7imwFD45h+u2SgIfERHlS2yNG4DObb5BSKU=
github.com/onsi/gomega v1.4.3/go.mod h1:ex+gbHU/CVuBBDIJjb2X0qEXbFg53c61hWP/1CpauHY=
github.com/pkg/errors v0.8.0 h1:WdK/asTD0HN+q6hsWO3/vpuAkAr+tw6aNJNDFFf0+qw=
github.com/pkg/errors v0.8.0/go.mod h1:bwawxfHBFNV+L2hUp1rHADufV3IMtnDRdf1r5NINEl0=
github.com/ryanuber/go-glob v0.0.0-20170128012129-256dc444b735 h1:7YvPJVmEeFHR1Tj9sZEYsmarJEQfMVYpd/Vyy/A8dqE=
github.com/ryanuber/go-glob v0.0.0-20170128012129-256dc444b735/go.mod h1:807d1WSdnB0XRJzKNil9Om6lcp/3a0v4qIHxIXzX/Yc=
github.com/shadowsocks/shadowsocks-go v0.0.0-20170121203516-97a5c71f80ba h1:tJgNXb3S+RkB4kNPi6N5OmEWe3m+Y3Qs6LUMiNDAONM=
github.com/shadowsocks/shadowsocks-go v0.0.0-20170121203516-97a5c71f80ba/go.mod h1:mttDPaeLm87u74HMrP+n2tugXvIKWcwff/cqSX0lehY=
github.com/templexxx/cpufeat v0.0.0-20180724012125-cef66df7f161 h1:89CEmDvlq/F7SJEOqkIdNDGJXrQIhuIx9D2DBXjavSU=
github.com/templexxx/cpufeat v0.0.0-20180724012125-cef66df7f161/go.mod h1:wM7WEvslTq+iOEAMDLSzhVuOt5BRZ05WirO+b09GHQU=
github.com/templexxx/xor v0.0.0-20181023030647-4e92f724b73b h1:mnG1fcsIB1d/3vbkBak2MM0u+vhGhlQwpeimUi7QncM=
github.com/templexxx/xor v0.0.0-20181023030647-4e92f724b73b/go.mod h1:5XA7W9S6mni3h5uvOC75dA3m9CCCaS83lltmc0ukdi4=
github.com/tjfoc/gmsm v1.0.1 h1:R11HlqhXkDospckjZEihx9SW/2VW0RgdwrykyWMFOQU=
github.com/tjfoc/gmsm v1.0.1/go.mod h1:XxO4hdhhrzAd+G4CjDqaOkd0hUzmtPR/d3EiBBMn/wc=
golang.org/x/crypto v0.0.0-20181015023909-0c41d7ab0a0e/go.mod h1:6SG95UA2DQfeDnfUPMdvaQW0Q7yPrPDi9nlGo2tz2b4=
golang.org/x/crypto v0.0.0-20181203042331-505ab145d0a9 h1:mKdxBk7AujPs8kU4m80U72y/zjbZ3UcXC7dClwKbUI0=
golang.org/x/crypto v0.0.0-20181203042331-505ab145d0a9/go.mod h1:6SG95UA2DQfeDnfUPMdvaQW0Q7yPrPDi9nlGo2tz2b4=
golang.org/x/net v0.0.0-20180906233101-161cd47e91fd/go.mod h1:mL1N/T3taQHkDXs73rZJwtUhF3w3ftmwwsq0BUmARs4=
golang.org/x/net v0.0.0-20181011144130-49bb7cea24b1/go.mod h1:mL1N/T3taQHkDXs73rZJwtUhF3w3ftmwwsq0BUmARs4=
golang.org/x/net v0.0.0-20181201002055-351d144fa1fc h1:a3CU5tJYVj92DY2LaA1kUkrsqD5/3mLDhx2NcNqyW+0=
golang.org/x/net v0.0.0-20181201002055-351d144fa1fc/go.mod h1:mL1N/T3taQHkDXs73rZJwtUhF3w3ftmwwsq0BUmARs4=
golang.org/x/sync v0.0.0-20180314180146-1d60e4601c6f/go.mod h1:RxMgew5VJxzue5/jJTE5uejpjVlOe/izrB70Jof72aM=
golang.org/x/sync v0.0.0-20181108010431-42b317875d0f h1:Bl/8QSvNqXvPGPGXa2z5xUTmV7VDcZyvRZ+QQXkXTZQ=
golang.org/x/sync v0.0.0-20181108010431-42b317875d0f/go.mod h1:RxMgew5VJxzue5/jJTE5uejpjVlOe/izrB70Jof72aM=
golang.org/x/sys v0.0.0-20180909124046-d0be0721c37e/go.mod h1:STP8DvDyc/dI5b8T5hshtkjS+E42TnysNCUPdjciGhY=
golang.org/x/sys v0.0.0-20181206074257-70b957f3b65e h1:njOxP/wVblhCLIUhjHXf6X+dzTt5OQ3vMQo9mkOIKIo=
golang.org/x/sys v0.0.0-20181206074257-70b957f3b65e/go.mod h1:STP8DvDyc/dI5b8T5hshtkjS+E42TnysNCUPdjciGhY=
golang.org/x/text v0.3.0 h1:g61tztE5qeGQ89tm6NTjjM9VPIm088od1l6aSorWRWg=
golang.org/x/text v0.3.0/go.mod h1:NqM8EUOU14njkJ3fqMW+pc6Ldnwhi/IjpwHt7yyuwOQ=
gopkg.in/check.v1 v0.0.0-20161208181325-20d25e280405 h1:yhCVgyC4o1eVCa2tZl7eS0r+SDo693bJlVdllGtEeKM=
gopkg.in/check.v1 v0.0.0-20161208181325-20d25e280405/go.mod h1:Co6ibVJAznAaIkqp8huTwlJQCZ016jof/cbN4VW5Yz0=
gopkg.in/fsnotify.v1 v1.4.7 h1:xOHLXZwVvI9hhs+cLKq5+I5onOuwQLhQwiu63xxlHs4=
gopkg.in/fsnotify.v1 v1.4.7/go.mod h1:Tz8NjZHkW78fSQdbUxIjBTcgA1z1m8ZHf0WmKUhAMys=
gopkg.in/gorilla/websocket.v1 v1.4.0 h1:lREme3ezAGPCpxSHwjGkHhAJX+ed2B6vzAJ+kaqBEIM=
gopkg.in/gorilla/websocket.v1 v1.4.0/go.mod h1:Ons1i8d00TjvJPdla7bJyeXFsdOacUyrTYbg9IetsIE=
gopkg.in/tomb.v1 v1.0.0-20141024135613-dd632973f1e7 h1:uRGJdciOHaEIrze2W8Q3AKkepLTh2hOroT7a+7czfdQ=
gopkg.in/tomb.v1 v1.0.0-20141024135613-dd632973f1e7/go.mod h1:dt/ZhP58zS4L8KSrWDmTeBkI65Dw0HsyUHuEVlX15mw=
gopkg.in/xtaci/kcp-go.v4 v4.3.2 h1:S9IF+L55Ugzl/hVA6wvuL3SuAtTUzH2cBBC88MXQxnE=
gopkg.in/xtaci/kcp-go.v4 v4.3.2/go.mod h1:fFYTlSOHNOHDNTKfoqarZMQsu7g7oXKwJ9wq0i9lODc=
gopkg.in/xtaci/smux.v1 v1.0.7 h1:qootIZs4ZPSx5blhvgaFpx2epdFSWkyw99xT+q0mRXI=
gopkg.in/xtaci/smux.v1 v1.0.7/go.mod h1:NbrPjLp8lNAYN8KqTplnFr2JjIBbr7CdHBkHtHsXtWA=
gopkg.in/yaml.v2 v2.2.1 h1:mUhvW9EsL+naU5Q3cakzfE91YhliOondGd6ZrsDBHQE=
gopkg.in/yaml.v2 v2.2.1/go.mod h1:hI93XBmqTisBFMUTm0b8Fm+jr3Dg1NNxqwp+5A1VGuI=
